// !$*UTF8*$!
{
	archiveVersion = 1;
	classes = {
	};
	objectVersion = 50;
	objects = {

/* Begin PBXBuildFile section */
		FD5381412375C6BE00BD3CFF /* AppDelegate.swift in Sources */ = {isa = PBXBuildFile; fileRef = FD5381402375C6BE00BD3CFF /* AppDelegate.swift */; };
		FD5381432375C6BE00BD3CFF /* SceneDelegate.swift in Sources */ = {isa = PBXBuildFile; fileRef = FD5381422375C6BE00BD3CFF /* SceneDelegate.swift */; };
		FD5381452375C6BE00BD3CFF /* InitialViewController.swift in Sources */ = {isa = PBXBuildFile; fileRef = FD5381442375C6BE00BD3CFF /* InitialViewController.swift */; };
		FD5381482375C6BE00BD3CFF /* Main.storyboard in Resources */ = {isa = PBXBuildFile; fileRef = FD5381462375C6BE00BD3CFF /* Main.storyboard */; };
		FD53814A2375C6BF00BD3CFF /* Assets.xcassets in Resources */ = {isa = PBXBuildFile; fileRef = FD5381492375C6BF00BD3CFF /* Assets.xcassets */; };
		FD53814D2375C6BF00BD3CFF /* LaunchScreen.storyboard in Resources */ = {isa = PBXBuildFile; fileRef = FD53814B2375C6BF00BD3CFF /* LaunchScreen.storyboard */; };
		FD538155237632FD00BD3CFF /* PreviewViewController.swift in Sources */ = {isa = PBXBuildFile; fileRef = FD538154237632FD00BD3CFF /* PreviewViewController.swift */; };
/* End PBXBuildFile section */

/* Begin PBXFileReference section */
		FD53813D2375C6BE00BD3CFF /* Deck of Cards.app */ = {isa = PBXFileReference; explicitFileType = wrapper.application; includeInIndex = 0; path = "Deck of Cards.app"; sourceTree = BUILT_PRODUCTS_DIR; };
		FD5381402375C6BE00BD3CFF /* AppDelegate.swift */ = {isa = PBXFileReference; lastKnownFileType = sourcecode.swift; path = AppDelegate.swift; sourceTree = "<group>"; };
		FD5381422375C6BE00BD3CFF /* SceneDelegate.swift */ = {isa = PBXFileReference; lastKnownFileType = sourcecode.swift; path = SceneDelegate.swift; sourceTree = "<group>"; };
		FD5381442375C6BE00BD3CFF /* InitialViewController.swift */ = {isa = PBXFileReference; lastKnownFileType = sourcecode.swift; path = InitialViewController.swift; sourceTree = "<group>"; };
		FD5381472375C6BE00BD3CFF /* Base */ = {isa = PBXFileReference; lastKnownFileType = file.storyboard; name = Base; path = Base.lproj/Main.storyboard; sourceTree = "<group>"; };
		FD5381492375C6BF00BD3CFF /* Assets.xcassets */ = {isa = PBXFileReference; lastKnownFileType = folder.assetcatalog; path = Assets.xcassets; sourceTree = "<group>"; };
		FD53814C2375C6BF00BD3CFF /* Base */ = {isa = PBXFileReference; lastKnownFileType = file.storyboard; name = Base; path = Base.lproj/LaunchScreen.storyboard; sourceTree = "<group>"; };
		FD53814E2375C6BF00BD3CFF /* Info.plist */ = {isa = PBXFileReference; lastKnownFileType = text.plist.xml; path = Info.plist; sourceTree = "<group>"; };
		FD538154237632FD00BD3CFF /* PreviewViewController.swift */ = {isa = PBXFileReference; lastKnownFileType = sourcecode.swift; path = PreviewViewController.swift; sourceTree = "<group>"; };
/* End PBXFileReference section */

/* Begin PBXFrameworksBuildPhase section */
		FD53813A2375C6BE00BD3CFF /* Frameworks */ = {
			isa = PBXFrameworksBuildPhase;
			buildActionMask = 2147483647;
			files = (
			);
			runOnlyForDeploymentPostprocessing = 0;
		};
/* End PBXFrameworksBuildPhase section */

/* Begin PBXGroup section */
		FD5381342375C6BE00BD3CFF = {
			isa = PBXGroup;
			children = (
				FD53813F2375C6BE00BD3CFF /* Deck of Cards */,
			);
			sourceTree = "<group>";
		};
		FD53813E2375C6BE00BD3CFF /* Products */ = {
			isa = PBXGroup;
			children = (
				FD53813D2375C6BE00BD3CFF /* Deck of Cards.app */,
			);
			name = Products;
			path = ..;
			sourceTree = "<group>";
		};
		FD53813F2375C6BE00BD3CFF /* Deck of Cards */ = {
			isa = PBXGroup;
			children = (
				FD53815823765CE200BD3CFF /* View */,
				FD53815623765C8300BD3CFF /* Controller */,
				FD53815723765CA800BD3CFF /* Supporting Files */,
				FD53814E2375C6BF00BD3CFF /* Info.plist */,
				FD5381492375C6BF00BD3CFF /* Assets.xcassets */,
				FD53813E2375C6BE00BD3CFF /* Products */,
			);
			path = "Deck of Cards";
			sourceTree = "<group>";
		};
		FD53815623765C8300BD3CFF /* Controller */ = {
			isa = PBXGroup;
			children = (
				FD5381442375C6BE00BD3CFF /* InitialViewController.swift */,
				FD538154237632FD00BD3CFF /* PreviewViewController.swift */,
			);
			path = Controller;
			sourceTree = "<group>";
		};
		FD53815723765CA800BD3CFF /* Supporting Files */ = {
			isa = PBXGroup;
			children = (
				FD5381402375C6BE00BD3CFF /* AppDelegate.swift */,
				FD5381422375C6BE00BD3CFF /* SceneDelegate.swift */,
			);
			path = "Supporting Files";
			sourceTree = "<group>";
		};
		FD53815823765CE200BD3CFF /* View */ = {
			isa = PBXGroup;
			children = (
				FD5381462375C6BE00BD3CFF /* Main.storyboard */,
				FD53814B2375C6BF00BD3CFF /* LaunchScreen.storyboard */,
			);
			path = View;
			sourceTree = "<group>";
		};
/* End PBXGroup section */

/* Begin PBXNativeTarget section */
		FD53813C2375C6BE00BD3CFF /* Deck of Cards */ = {
			isa = PBXNativeTarget;
			buildConfigurationList = FD5381512375C6BF00BD3CFF /* Build configuration list for PBXNativeTarget "Deck of Cards" */;
			buildPhases = (
				FD5381392375C6BE00BD3CFF /* Sources */,
				FD53813A2375C6BE00BD3CFF /* Frameworks */,
				FD53813B2375C6BE00BD3CFF /* Resources */,
			);
			buildRules = (
			);
			dependencies = (
			);
			name = "Deck of Cards";
			productName = "Deck of Cards";
			productReference = FD53813D2375C6BE00BD3CFF /* Deck of Cards.app */;
			productType = "com.apple.product-type.application";
		};
/* End PBXNativeTarget section */

/* Begin PBXProject section */
		FD5381352375C6BE00BD3CFF /* Project object */ = {
			isa = PBXProject;
			attributes = {
				LastSwiftUpdateCheck = 1120;
				LastUpgradeCheck = 1120;
				ORGANIZATIONNAME = "Tadeo Man";
				TargetAttributes = {
					FD53813C2375C6BE00BD3CFF = {
						CreatedOnToolsVersion = 11.2;
					};
				};
			};
			buildConfigurationList = FD5381382375C6BE00BD3CFF /* Build configuration list for PBXProject "Deck of Cards" */;
			compatibilityVersion = "Xcode 9.3";
			developmentRegion = en;
			hasScannedForEncodings = 0;
			knownRegions = (
				en,
				Base,
			);
			mainGroup = FD5381342375C6BE00BD3CFF;
			productRefGroup = FD53813E2375C6BE00BD3CFF /* Products */;
			projectDirPath = "";
			projectRoot = "";
			targets = (
				FD53813C2375C6BE00BD3CFF /* Deck of Cards */,
			);
		};
/* End PBXProject section */

/* Begin PBXResourcesBuildPhase section */
		FD53813B2375C6BE00BD3CFF /* Resources */ = {
			isa = PBXResourcesBuildPhase;
			buildActionMask = 2147483647;
			files = (
				FD53814D2375C6BF00BD3CFF /* LaunchScreen.storyboard in Resources */,
				FD53814A2375C6BF00BD3CFF /* Assets.xcassets in Resources */,
				FD5381482375C6BE00BD3CFF /* Main.storyboard in Resources */,
			);
			runOnlyForDeploymentPostprocessing = 0;
		};
/* End PBXResourcesBuildPhase section */

/* Begin PBXSourcesBuildPhase section */
		FD5381392375C6BE00BD3CFF /* Sources */ = {
			isa = PBXSourcesBuildPhase;
			buildActionMask = 2147483647;
			files = (
				FD5381452375C6BE00BD3CFF /* InitialViewController.swift in Sources */,
				FD5381412375C6BE00BD3CFF /* AppDelegate.swift in Sources */,
				FD5381432375C6BE00BD3CFF /* SceneDelegate.swift in Sources */,
				FD538155237632FD00BD3CFF /* PreviewViewController.swift in Sources */,
			);
			runOnlyForDeploymentPostprocessing = 0;
		};
/* End PBXSourcesBuildPhase section */

/* Begin PBXVariantGroup section */
		FD5381462375C6BE00BD3CFF /* Main.storyboard */ = {
			isa = PBXVariantGroup;
			children = (
				FD5381472375C6BE00BD3CFF /* Base */,
			);
			name = Main.storyboard;
			sourceTree = "<group>";
		};
		FD53814B2375C6BF00BD3CFF /* LaunchScreen.storyboard */ = {
			isa = PBXVariantGroup;
			children = (
				FD53814C2375C6BF00BD3CFF /* Base */,
			);
			name = LaunchScreen.storyboard;
			sourceTree = "<group>";
		};
/* End PBXVariantGroup section */

/* Begin XCBuildConfiguration section */
		FD53814F2375C6BF00BD3CFF /* Debug */ = {
			isa = XCBuildConfiguration;
			buildSettings = {
				ALWAYS_SEARCH_USER_PATHS = NO;
				CLANG_ANALYZER_NONNULL = YES;
				CLANG_ANALYZER_NUMBER_OBJECT_CONVERSION = YES_AGGRESSIVE;
				CLANG_CXX_LANGUAGE_STANDARD = "gnu++14";
				CLANG_CXX_LIBRARY = "libc++";
				CLANG_ENABLE_MODULES = YES;
				CLANG_ENABLE_OBJC_ARC = YES;
				CLANG_ENABLE_OBJC_WEAK = YES;
				CLANG_WARN_BLOCK_CAPTURE_AUTORELEASING = YES;
				CLANG_WARN_BOOL_CONVERSION = YES;
				CLANG_WARN_COMMA = YES;
				CLANG_WARN_CONSTANT_CONVERSION = YES;
				CLANG_WARN_DEPRECATED_OBJC_IMPLEMENTATIONS = YES;
				CLANG_WARN_DIRECT_OBJC_ISA_USAGE = YES_ERROR;
				CLANG_WARN_DOCUMENTATION_COMMENTS = YES;
				CLANG_WARN_EMPTY_BODY = YES;
				CLANG_WARN_ENUM_CONVERSION = YES;
				CLANG_WARN_INFINITE_RECURSION = YES;
				CLANG_WARN_INT_CONVERSION = YES;
				CLANG_WARN_NON_LITERAL_NULL_CONVERSION = YES;
				CLANG_WARN_OBJC_IMPLICIT_RETAIN_SELF = YES;
				CLANG_WARN_OBJC_LITERAL_CONVERSION = YES;
				CLANG_WARN_OBJC_ROOT_CLASS = YES_ERROR;
				CLANG_WARN_RANGE_LOOP_ANALYSIS = YES;
				CLANG_WARN_STRICT_PROTOTYPES = YES;
				CLANG_WARN_SUSPICIOUS_MOVE = YES;
				CLANG_WARN_UNGUARDED_AVAILABILITY = YES_AGGRESSIVE;
				CLANG_WARN_UNREACHABLE_CODE = YES;
				CLANG_WARN__DUPLICATE_METHOD_MATCH = YES;
				COPY_PHASE_STRIP = NO;
				DEBUG_INFORMATION_FORMAT = dwarf;
				ENABLE_STRICT_OBJC_MSGSEND = YES;
				ENABLE_TESTABILITY = YES;
				GCC_C_LANGUAGE_STANDARD = gnu11;
				GCC_DYNAMIC_NO_PIC = NO;
				GCC_NO_COMMON_BLOCKS = YES;
				GCC_OPTIMIZATION_LEVEL = 0;
				GCC_PREPROCESSOR_DEFINITIONS = (
					"DEBUG=1",
					"$(inherited)",
				);
				GCC_WARN_64_TO_32_BIT_CONVERSION = YES;
				GCC_WARN_ABOUT_RETURN_TYPE = YES_ERROR;
				GCC_WARN_UNDECLARED_SELECTOR = YES;
				GCC_WARN_UNINITIALIZED_AUTOS = YES_AGGRESSIVE;
				GCC_WARN_UNUSED_FUNCTION = YES;
				GCC_WARN_UNUSED_VARIABLE = YES;
				IPHONEOS_DEPLOYMENT_TARGET = 13.2;
				MTL_ENABLE_DEBUG_INFO = INCLUDE_SOURCE;
				MTL_FAST_MATH = YES;
				ONLY_ACTIVE_ARCH = YES;
				SDKROOT = iphoneos;
				SWIFT_ACTIVE_COMPILATION_CONDITIONS = DEBUG;
				SWIFT_OPTIMIZATION_LEVEL = "-Onone";
			};
			name = Debug;
		};
		FD5381502375C6BF00BD3CFF /* Release */ = {
			isa = XCBuildConfiguration;
			buildSettings = {
				ALWAYS_SEARCH_USER_PATHS = NO;
				CLANG_ANALYZER_NONNULL = YES;
				CLANG_ANALYZER_NUMBER_OBJECT_CONVERSION = YES_AGGRESSIVE;
				CLANG_CXX_LANGUAGE_STANDARD = "gnu++14";
				CLANG_CXX_LIBRARY = "libc++";
				CLANG_ENABLE_MODULES = YES;
				CLANG_ENABLE_OBJC_ARC = YES;
				CLANG_ENABLE_OBJC_WEAK = YES;
				CLANG_WARN_BLOCK_CAPTURE_AUTORELEASING = YES;
				CLANG_WARN_BOOL_CONVERSION = YES;
				CLANG_WARN_COMMA = YES;
				CLANG_WARN_CONSTANT_CONVERSION = YES;
				CLANG_WARN_DEPRECATED_OBJC_IMPLEMENTATIONS = YES;
				CLANG_WARN_DIRECT_OBJC_ISA_USAGE = YES_ERROR;
				CLANG_WARN_DOCUMENTATION_COMMENTS = YES;
				CLANG_WARN_EMPTY_BODY = YES;
				CLANG_WARN_ENUM_CONVERSION = YES;
				CLANG_WARN_INFINITE_RECURSION = YES;
				CLANG_WARN_INT_CONVERSION = YES;
				CLANG_WARN_NON_LITERAL_NULL_CONVERSION = YES;
				CLANG_WARN_OBJC_IMPLICIT_RETAIN_SELF = YES;
				CLANG_WARN_OBJC_LITERAL_CONVERSION = YES;
				CLANG_WARN_OBJC_ROOT_CLASS = YES_ERROR;
				CLANG_WARN_RANGE_LOOP_ANALYSIS = YES;
				CLANG_WARN_STRICT_PROTOTYPES = YES;
				CLANG_WARN_SUSPICIOUS_MOVE = YES;
				CLANG_WARN_UNGUARDED_AVAILABILITY = YES_AGGRESSIVE;
				CLANG_WARN_UNREACHABLE_CODE = YES;
				CLANG_WARN__DUPLICATE_METHOD_MATCH = YES;
				COPY_PHASE_STRIP = NO;
				DEBUG_INFORMATION_FORMAT = "dwarf-with-dsym";
				ENABLE_NS_ASSERTIONS = NO;
				ENABLE_STRICT_OBJC_MSGSEND = YES;
				GCC_C_LANGUAGE_STANDARD = gnu11;
				GCC_NO_COMMON_BLOCKS = YES;
				GCC_WARN_64_TO_32_BIT_CONVERSION = YES;
				GCC_WARN_ABOUT_RETURN_TYPE = YES_ERROR;
				GCC_WARN_UNDECLARED_SELECTOR = YES;
				GCC_WARN_UNINITIALIZED_AUTOS = YES_AGGRESSIVE;
				GCC_WARN_UNUSED_FUNCTION = YES;
				GCC_WARN_UNUSED_VARIABLE = YES;
				IPHONEOS_DEPLOYMENT_TARGET = 13.2;
				MTL_ENABLE_DEBUG_INFO = NO;
				MTL_FAST_MATH = YES;
				SDKROOT = iphoneos;
				SWIFT_COMPILATION_MODE = wholemodule;
				SWIFT_OPTIMIZATION_LEVEL = "-O";
				VALIDATE_PRODUCT = YES;
			};
			name = Release;
		};
		FD5381522375C6BF00BD3CFF /* Debug */ = {
			isa = XCBuildConfiguration;
			buildSettings = {
				ASSETCATALOG_COMPILER_APPICON_NAME = AppIcon;
				CODE_SIGN_STYLE = Automatic;
				DEVELOPMENT_TEAM = V3Q43US36D;
				INFOPLIST_FILE = "Deck of Cards/Info.plist";
				LD_RUNPATH_SEARCH_PATHS = (
					"$(inherited)",
					"@executable_path/Frameworks",
				);
				PRODUCT_BUNDLE_IDENTIFIER = "com.tadeoman.Deck-of-Cards";
				PRODUCT_NAME = "$(TARGET_NAME)";
				SWIFT_VERSION = 5.0;
				TARGETED_DEVICE_FAMILY = 1;
			};
			name = Debug;
		};
		FD5381532375C6BF00BD3CFF /* Release */ = {
			isa = XCBuildConfiguration;
			buildSettings = {
				ASSETCATALOG_COMPILER_APPICON_NAME = AppIcon;
				CODE_SIGN_STYLE = Automatic;
				DEVELOPMENT_TEAM = V3Q43US36D;
				INFOPLIST_FILE = "Deck of Cards/Info.plist";
				LD_RUNPATH_SEARCH_PATHS = (
					"$(inherited)",
					"@executable_path/Frameworks",
				);
				PRODUCT_BUNDLE_IDENTIFIER = "com.tadeoman.Deck-of-Cards";
				PRODUCT_NAME = "$(TARGET_NAME)";
				SWIFT_VERSION = 5.0;
				TARGETED_DEVICE_FAMILY = 1;
			};
			name = Release;
		};
/* End XCBuildConfiguration section */

/* Begin XCConfigurationList section */
		FD5381382375C6BE00BD3CFF /* Build configuration list for PBXProject "Deck of Cards" */ = {
			isa = XCConfigurationList;
			buildConfigurations = (
				FD53814F2375C6BF00BD3CFF /* Debug */,
				FD5381502375C6BF00BD3CFF /* Release */,
			);
			defaultConfigurationIsVisible = 0;
			defaultConfigurationName = Release;
		};
		FD5381512375C6BF00BD3CFF /* Build configuration list for PBXNativeTarget "Deck of Cards" */ = {
			isa = XCConfigurationList;
			buildConfigurations = (
				FD5381522375C6BF00BD3CFF /* Debug */,
				FD5381532375C6BF00BD3CFF /* Release */,
			);
			defaultConfigurationIsVisible = 0;
			defaultConfigurationName = Release;
		};
/* End XCConfigurationList section */
	};
	rootObject = FD5381352375C6BE00BD3CFF /* Project object */;
}
